
Microsoft Visual Studio Solution File, Format Version 12.00
# Visual Studio Version 17
VisualStudioVersion = 17.2.32616.157
MinimumVisualStudioVersion = 10.0.40219.1
Project("{FAE04EC0-301F-11D3-BF4B-00C04F79EFBC}") = "FactoryPatternVehicles", "FactoryPatternVehicles\FactoryPatternVehicles.csproj", "{16B0B0C3-4541-4506-B21F-7BF06F8FF375}"
EndProject
Global
	GlobalSection(SolutionConfigurationPlatforms) = preSolution
		Debug|Any CPU = Debug|Any CPU
		Release|Any CPU = Release|Any CPU
	EndGlobalSection
	GlobalSection(ProjectConfigurationPlatforms) = postSolution
		{16B0B0C3-4541-4506-B21F-7BF06F8FF375}.Debug|Any CPU.ActiveCfg = Debug|Any CPU
		{16B0B0C3-4541-4506-B21F-7BF06F8FF375}.Debug|Any CPU.Build.0 = Debug|Any CPU
		{16B0B0C3-4541-4506-B21F-7BF06F8FF375}.Release|Any CPU.ActiveCfg = Release|Any CPU
		{16B0B0C3-4541-4506-B21F-7BF06F8FF375}.Release|Any CPU.Build.0 = Release|Any CPU
	EndGlobalSection
	GlobalSection(SolutionProperties) = preSolution
		HideSolutionNode = FALSE
	EndGlobalSection
	GlobalSection(ExtensibilityGlobals) = postSolution
		SolutionGuid = {CC1C1035-653E-487A-A80C-BC8016A183C4}
	EndGlobalSection
EndGlobal
